
Microsoft Visual Studio Solution File, Format Version 12.00
# Visual Studio Version 16
VisualStudioVersion = 16.0.28531.58
MinimumVisualStudioVersion = 10.0.40219.1
Project("{F184B08F-C81C-45F6-A57F-5ABD9991F28F}") = "Proyecto", "Proyecto\Proyecto.vbproj", "{7FFAC9D1-E694-4733-B118-6D3A465A2778}"
EndProject
Global
	GlobalSection(SolutionConfigurationPlatforms) = preSolution
		Debug|Any CPU = Debug|Any CPU
		Release|Any CPU = Release|Any CPU
	EndGlobalSection
	GlobalSection(ProjectConfigurationPlatforms) = postSolution
		{7FFAC9D1-E694-4733-B118-6D3A465A2778}.Debug|Any CPU.ActiveCfg = Debug|Any CPU
		{7FFAC9D1-E694-4733-B118-6D3A465A2778}.Debug|Any CPU.Build.0 = Debug|Any CPU
		{7FFAC9D1-E694-4733-B118-6D3A465A2778}.Release|Any CPU.ActiveCfg = Release|Any CPU
		{7FFAC9D1-E694-4733-B118-6D3A465A2778}.Release|Any CPU.Build.0 = Release|Any CPU
	EndGlobalSection
	GlobalSection(SolutionProperties) = preSolution
		HideSolutionNode = FALSE
	EndGlobalSection
	GlobalSection(ExtensibilityGlobals) = postSolution
		SolutionGuid = {740FD2E0-AC1A-4240-B515-099451ED385A}
	EndGlobalSection
EndGlobal
